
Microsoft Visual Studio Solution File, Format Version 12.00
# Visual Studio Version 17
VisualStudioVersion = 17.2.32505.173
MinimumVisualStudioVersion = 10.0.40219.1
Project("{2150E333-8FDC-42A3-9474-1A3956D46DE8}") = "src", "src", "{32AEEA70-F03C-45E0-92A5-146A881CAF6B}"
EndProject
Project("{2150E333-8FDC-42A3-9474-1A3956D46DE8}") = "test", "test", "{1C0D5529-B942-4660-93B4-A7B35DA9A884}"
EndProject
Project("{2150E333-8FDC-42A3-9474-1A3956D46DE8}") = "Core", "Core", "{66E0D7A3-79AE-408F-885E-8955ADA614F2}"
EndProject
Project("{2150E333-8FDC-42A3-9474-1A3956D46DE8}") = "Infrastructure", "Infrastructure", "{7B7C190F-3BBD-4143-A1B7-B6057688A1A0}"
EndProject
Project("{2150E333-8FDC-42A3-9474-1A3956D46DE8}") = "UI", "UI", "{629B340F-6821-40A4-9E60-1562A4168CCE}"
EndProject
Project("{2150E333-8FDC-42A3-9474-1A3956D46DE8}") = "API", "API", "{5505F9E4-79A8-45D9-A616-9718C6D0783D}"
EndProject
Project("{9A19103F-16F7-4668-BE54-9A1E7A4F7556}") = "GloboTicket.TicketManagement.Domain", "GloboTicket.TicketManagement.Domain\GloboTicket.TicketManagement.Domain.csproj", "{47C310D4-7372-4020-B2AC-745E19D1A968}"
EndProject
Project("{9A19103F-16F7-4668-BE54-9A1E7A4F7556}") = "GloboTicket.TicketManagement.Application", "GloboTicket.TicketManagement.Application\GloboTicket.TicketManagement.Application.csproj", "{FA0D0E32-CAC8-432D-B3E2-DBB50E845E3A}"
EndProject
Project("{9A19103F-16F7-4668-BE54-9A1E7A4F7556}") = "GloboTicket.TicketManagement.Persistence", "GloboTicket.TicketManagement.Persistence\GloboTicket.TicketManagement.Persistence.csproj", "{41D10047-FC1E-43AF-B1A9-6B38FE584A79}"
EndProject
Project("{9A19103F-16F7-4668-BE54-9A1E7A4F7556}") = "GloboTicket.TicketManagement.Infrastructure", "GloboTicket.TicketManagement.Infrastructure\GloboTicket.TicketManagement.Infrastructure.csproj", "{F9A5EE67-57AB-4996-8703-43FCE05A1A1F}"
EndProject
Project("{9A19103F-16F7-4668-BE54-9A1E7A4F7556}") = "GloboTicket.TicketManagement.Api", "GloboTicket.TicketManagement.Api\GloboTicket.TicketManagement.Api.csproj", "{23AA6854-5C03-4F94-9C06-7971CCB2094C}"
EndProject
Project("{9A19103F-16F7-4668-BE54-9A1E7A4F7556}") = "GloboTicket.TicketManagement.Application.UnitTests", "GloboTicket.TicketManagement.Application.UnitTests\GloboTicket.TicketManagement.Application.UnitTests.csproj", "{6C305501-1D47-442E-B510-32B1F5069B27}"
EndProject
Project("{9A19103F-16F7-4668-BE54-9A1E7A4F7556}") = "GloboTicket.TicketManagement.Persistence.IntegrationTests", "GloboTicket.TicketManagement.Persistence.IntegrationTests\GloboTicket.TicketManagement.Persistence.IntegrationTests.csproj", "{343E04D8-3141-440F-8992-59E2C2EBECDA}"
EndProject
Project("{9A19103F-16F7-4668-BE54-9A1E7A4F7556}") = "GloboTicket.TicketManagement.API.IntegrationTests", "GloboTicket.TicketManagement.API.IntegrationTests\GloboTicket.TicketManagement.API.IntegrationTests.csproj", "{6447A9C0-E0EB-4B23-AA3D-C931CC9726F4}"
EndProject
Project("{9A19103F-16F7-4668-BE54-9A1E7A4F7556}") = "GloboTicket.TicketManagement.App", "GloboTicket.TicketManagement.App\GloboTicket.TicketManagement.App.csproj", "{A7C77D01-D116-48D9-83B0-8950D65F5ABC}"
EndProject
Project("{9A19103F-16F7-4668-BE54-9A1E7A4F7556}") = "GloboTicket.TicketManagement.Identity", "GloboTicket.TicketManagement.Identity\GloboTicket.TicketManagement.Identity.csproj", "{79AD03EA-A858-48BF-97B0-BB5D7CB7307F}"
EndProject
Global
	GlobalSection(SolutionConfigurationPlatforms) = preSolution
		Debug|Any CPU = Debug|Any CPU
		Release|Any CPU = Release|Any CPU
	EndGlobalSection
	GlobalSection(ProjectConfigurationPlatforms) = postSolution
		{47C310D4-7372-4020-B2AC-745E19D1A968}.Debug|Any CPU.ActiveCfg = Debug|Any CPU
		{47C310D4-7372-4020-B2AC-745E19D1A968}.Debug|Any CPU.Build.0 = Debug|Any CPU
		{47C310D4-7372-4020-B2AC-745E19D1A968}.Release|Any CPU.ActiveCfg = Release|Any CPU
		{47C310D4-7372-4020-B2AC-745E19D1A968}.Release|Any CPU.Build.0 = Release|Any CPU
		{FA0D0E32-CAC8-432D-B3E2-DBB50E845E3A}.Debug|Any CPU.ActiveCfg = Debug|Any CPU
		{FA0D0E32-CAC8-432D-B3E2-DBB50E845E3A}.Debug|Any CPU.Build.0 = Debug|Any CPU
		{FA0D0E32-CAC8-432D-B3E2-DBB50E845E3A}.Release|Any CPU.ActiveCfg = Release|Any CPU
		{FA0D0E32-CAC8-432D-B3E2-DBB50E845E3A}.Release|Any CPU.Build.0 = Release|Any CPU
		{41D10047-FC1E-43AF-B1A9-6B38FE584A79}.Debug|Any CPU.ActiveCfg = Debug|Any CPU
		{41D10047-FC1E-43AF-B1A9-6B38FE584A79}.Debug|Any CPU.Build.0 = Debug|Any CPU
		{41D10047-FC1E-43AF-B1A9-6B38FE584A79}.Release|Any CPU.ActiveCfg = Release|Any CPU
		{41D10047-FC1E-43AF-B1A9-6B38FE584A79}.Release|Any CPU.Build.0 = Release|Any CPU
		{F9A5EE67-57AB-4996-8703-43FCE05A1A1F}.Debug|Any CPU.ActiveCfg = Debug|Any CPU
		{F9A5EE67-57AB-4996-8703-43FCE05A1A1F}.Debug|Any CPU.Build.0 = Debug|Any CPU
		{F9A5EE67-57AB-4996-8703-43FCE05A1A1F}.Release|Any CPU.ActiveCfg = Release|Any CPU
		{F9A5EE67-57AB-4996-8703-43FCE05A1A1F}.Release|Any CPU.Build.0 = Release|Any CPU
		{23AA6854-5C03-4F94-9C06-7971CCB2094C}.Debug|Any CPU.ActiveCfg = Debug|Any CPU
		{23AA6854-5C03-4F94-9C06-7971CCB2094C}.Debug|Any CPU.Build.0 = Debug|Any CPU
		{23AA6854-5C03-4F94-9C06-7971CCB2094C}.Release|Any CPU.ActiveCfg = Release|Any CPU
		{23AA6854-5C03-4F94-9C06-7971CCB2094C}.Release|Any CPU.Build.0 = Release|Any CPU
		{6C305501-1D47-442E-B510-32B1F5069B27}.Debug|Any CPU.ActiveCfg = Debug|Any CPU
		{6C305501-1D47-442E-B510-32B1F5069B27}.Debug|Any CPU.Build.0 = Debug|Any CPU
		{6C305501-1D47-442E-B510-32B1F5069B27}.Release|Any CPU.ActiveCfg = Release|Any CPU
		{6C305501-1D47-442E-B510-32B1F5069B27}.Release|Any CPU.Build.0 = Release|Any CPU
		{343E04D8-3141-440F-8992-59E2C2EBECDA}.Debug|Any CPU.ActiveCfg = Debug|Any CPU
		{343E04D8-3141-440F-8992-59E2C2EBECDA}.Debug|Any CPU.Build.0 = Debug|Any CPU
		{343E04D8-3141-440F-8992-59E2C2EBECDA}.Release|Any CPU.ActiveCfg = Release|Any CPU
		{343E04D8-3141-440F-8992-59E2C2EBECDA}.Release|Any CPU.Build.0 = Release|Any CPU
		{6447A9C0-E0EB-4B23-AA3D-C931CC9726F4}.Debug|Any CPU.ActiveCfg = Debug|Any CPU
		{6447A9C0-E0EB-4B23-AA3D-C931CC9726F4}.Debug|Any CPU.Build.0 = Debug|Any CPU
		{6447A9C0-E0EB-4B23-AA3D-C931CC9726F4}.Release|Any CPU.ActiveCfg = Release|Any CPU
		{6447A9C0-E0EB-4B23-AA3D-C931CC9726F4}.Release|Any CPU.Build.0 = Release|Any CPU
		{A7C77D01-D116-48D9-83B0-8950D65F5ABC}.Debug|Any CPU.ActiveCfg = Debug|Any CPU
		{A7C77D01-D116-48D9-83B0-8950D65F5ABC}.Debug|Any CPU.Build.0 = Debug|Any CPU
		{A7C77D01-D116-48D9-83B0-8950D65F5ABC}.Release|Any CPU.ActiveCfg = Release|Any CPU
		{A7C77D01-D116-48D9-83B0-8950D65F5ABC}.Release|Any CPU.Build.0 = Release|Any CPU
		{79AD03EA-A858-48BF-97B0-BB5D7CB7307F}.Debug|Any CPU.ActiveCfg = Debug|Any CPU
		{79AD03EA-A858-48BF-97B0-BB5D7CB7307F}.Debug|Any CPU.Build.0 = Debug|Any CPU
		{79AD03EA-A858-48BF-97B0-BB5D7CB7307F}.Release|Any CPU.ActiveCfg = Release|Any CPU
		{79AD03EA-A858-48BF-97B0-BB5D7CB7307F}.Release|Any CPU.Build.0 = Release|Any CPU
	EndGlobalSection
	GlobalSection(SolutionProperties) = preSolution
		HideSolutionNode = FALSE
	EndGlobalSection
	GlobalSection(NestedProjects) = preSolution
		{66E0D7A3-79AE-408F-885E-8955ADA614F2} = {32AEEA70-F03C-45E0-92A5-146A881CAF6B}
		{7B7C190F-3BBD-4143-A1B7-B6057688A1A0} = {32AEEA70-F03C-45E0-92A5-146A881CAF6B}
		{629B340F-6821-40A4-9E60-1562A4168CCE} = {32AEEA70-F03C-45E0-92A5-146A881CAF6B}
		{5505F9E4-79A8-45D9-A616-9718C6D0783D} = {32AEEA70-F03C-45E0-92A5-146A881CAF6B}
		{47C310D4-7372-4020-B2AC-745E19D1A968} = {66E0D7A3-79AE-408F-885E-8955ADA614F2}
		{FA0D0E32-CAC8-432D-B3E2-DBB50E845E3A} = {66E0D7A3-79AE-408F-885E-8955ADA614F2}
		{41D10047-FC1E-43AF-B1A9-6B38FE584A79} = {7B7C190F-3BBD-4143-A1B7-B6057688A1A0}
		{F9A5EE67-57AB-4996-8703-43FCE05A1A1F} = {7B7C190F-3BBD-4143-A1B7-B6057688A1A0}
		{23AA6854-5C03-4F94-9C06-7971CCB2094C} = {5505F9E4-79A8-45D9-A616-9718C6D0783D}
		{6C305501-1D47-442E-B510-32B1F5069B27} = {1C0D5529-B942-4660-93B4-A7B35DA9A884}
		{343E04D8-3141-440F-8992-59E2C2EBECDA} = {1C0D5529-B942-4660-93B4-A7B35DA9A884}
		{6447A9C0-E0EB-4B23-AA3D-C931CC9726F4} = {1C0D5529-B942-4660-93B4-A7B35DA9A884}
		{A7C77D01-D116-48D9-83B0-8950D65F5ABC} = {629B340F-6821-40A4-9E60-1562A4168CCE}
		{79AD03EA-A858-48BF-97B0-BB5D7CB7307F} = {7B7C190F-3BBD-4143-A1B7-B6057688A1A0}
	EndGlobalSection
	GlobalSection(ExtensibilityGlobals) = postSolution
		SolutionGuid = {A14F192E-F1DD-43E6-B02E-CAEE3645F269}
	EndGlobalSection
EndGlobal
